
Microsoft Visual Studio Solution File, Format Version 12.00
# Visual Studio Version 17
VisualStudioVersion = 17.14.36109.1 d17.14
MinimumVisualStudioVersion = 10.0.40219.1
Project("{FAE04EC0-301F-11D3-BF4B-00C04F79EFBC}") = "Shop", "Shop\Shop.csproj", "{F4206D20-FD39-4D51-8BC7-220E71376C70}"
EndProject
Project("{FAE04EC0-301F-11D3-BF4B-00C04F79EFBC}") = "ShopTests", "ShopTests\ShopTests.csproj", "{A180C403-87B5-4B4D-A2FA-BB5D6AC67256}"
EndProject
Global
	GlobalSection(SolutionConfigurationPlatforms) = preSolution
		Debug|Any CPU = Debug|Any CPU
		Release|Any CPU = Release|Any CPU
	EndGlobalSection
	GlobalSection(ProjectConfigurationPlatforms) = postSolution
		{F4206D20-FD39-4D51-8BC7-220E71376C70}.Debug|Any CPU.ActiveCfg = Debug|Any CPU
		{F4206D20-FD39-4D51-8BC7-220E71376C70}.Debug|Any CPU.Build.0 = Debug|Any CPU
		{F4206D20-FD39-4D51-8BC7-220E71376C70}.Release|Any CPU.ActiveCfg = Release|Any CPU
		{F4206D20-FD39-4D51-8BC7-220E71376C70}.Release|Any CPU.Build.0 = Release|Any CPU
		{A180C403-87B5-4B4D-A2FA-BB5D6AC67256}.Debug|Any CPU.ActiveCfg = Debug|Any CPU
		{A180C403-87B5-4B4D-A2FA-BB5D6AC67256}.Debug|Any CPU.Build.0 = Debug|Any CPU
		{A180C403-87B5-4B4D-A2FA-BB5D6AC67256}.Release|Any CPU.ActiveCfg = Release|Any CPU
		{A180C403-87B5-4B4D-A2FA-BB5D6AC67256}.Release|Any CPU.Build.0 = Release|Any CPU
	EndGlobalSection
	GlobalSection(SolutionProperties) = preSolution
		HideSolutionNode = FALSE
	EndGlobalSection
	GlobalSection(ExtensibilityGlobals) = postSolution
		SolutionGuid = {F981E82C-6A12-4B24-9967-409ECD8AAB68}
	EndGlobalSection
EndGlobal
